<Project xmlns="http://schemas.microsoft.com/developer/msbuild/2003">
    <PropertyGroup>
        <ProjectGuid>{AC1273D1-01B3-41BC-8761-DA21654517CD}</ProjectGuid>
        <ProjectVersion>14.4</ProjectVersion>
        <FrameworkType>VCL</FrameworkType>
        <MainSource>CustomCrudGenerator.dpr</MainSource>
        <Base>True</Base>
        <Config Condition="'$(Config)'==''">Debug</Config>
        <Platform Condition="'$(Platform)'==''">Win32</Platform>
        <TargetedPlatforms>1</TargetedPlatforms>
        <AppType>Application</AppType>
        <DCC_DCCCompiler>DCC32</DCC_DCCCompiler>
    </PropertyGroup>
    <PropertyGroup Condition="'$(Config)'=='Base' or '$(Base)'!=''">
        <Base>true</Base>
    </PropertyGroup>
    <PropertyGroup Condition="'$(Config)'=='Debug' or '$(Cfg_1)'!=''">
        <Cfg_1>true</Cfg_1>
        <CfgParent>Base</CfgParent>
        <Base>true</Base>
    </PropertyGroup>
    <PropertyGroup Condition="('$(Platform)'=='Win32' and '$(Cfg_1)'=='true') or '$(Cfg_1_Win32)'!=''">
        <Cfg_1_Win32>true</Cfg_1_Win32>
        <CfgParent>Cfg_1</CfgParent>
        <Cfg_1>true</Cfg_1>
        <Base>true</Base>
    </PropertyGroup>
    <PropertyGroup Condition="'$(Config)'=='Release' or '$(Cfg_2)'!=''">
        <Cfg_2>true</Cfg_2>
        <CfgParent>Base</CfgParent>
        <Base>true</Base>
    </PropertyGroup>
    <PropertyGroup Condition="'$(Base)'!=''">
        <DCC_UnitSearchPath>..\Func\;..\Data;..\DB;..\Fastmm;..\HitXML;..\HitXML\SAX;..\HitXML\AElfred2;$(DCC_UnitSearchPath)</DCC_UnitSearchPath>
        <DCC_ExeOutput>.\bin\</DCC_ExeOutput>
        <DCC_DependencyCheckOutputName>Win32\Debug\UltraGenerator.exe</DCC_DependencyCheckOutputName>
        <VerInfo_Keys>CompanyName=;FileDescription=;FileVersion=1.0.0.0;InternalName=;LegalCopyright=;LegalTrademarks=;OriginalFilename=;ProductName=;ProductVersion=1.0.0.0;Comments=</VerInfo_Keys>
        <DCC_Namespace>System;Xml;Data;Datasnap;Web;Soap;Vcl;Vcl.Imaging;Vcl.Touch;Vcl.Samples;Vcl.Shell;system.win;$(DCC_Namespace)</DCC_Namespace>
        <Manifest_File>None</Manifest_File>
        <VerInfo_Locale>1033</VerInfo_Locale>
        <Icon_MainIcon>$(BDS)\bin\delphi_PROJECTICON.ico</Icon_MainIcon>
        <DCC_DcuOutput>.\dcu</DCC_DcuOutput>
        <DCC_E>false</DCC_E>
        <DCC_N>false</DCC_N>
        <DCC_S>false</DCC_S>
        <DCC_F>false</DCC_F>
        <DCC_K>false</DCC_K>
    </PropertyGroup>
    <PropertyGroup Condition="'$(Cfg_1)'!=''">
        <DCC_Define>DEBUG;$(DCC_Define)</DCC_Define>
        <DCC_DebugDCUs>true</DCC_DebugDCUs>
        <DCC_Optimize>false</DCC_Optimize>
        <DCC_GenerateStackFrames>true</DCC_GenerateStackFrames>
        <DCC_DebugInfoInExe>true</DCC_DebugInfoInExe>
        <DCC_RemoteDebug>true</DCC_RemoteDebug>
    </PropertyGroup>
    <PropertyGroup Condition="'$(Cfg_1_Win32)'!=''">
        <DCC_RemoteDebug>false</DCC_RemoteDebug>
        <DCC_MapFile>3</DCC_MapFile>
        <DCC_DebugInfoInExe>false</DCC_DebugInfoInExe>
        <DCC_ExeOutput>.\bin</DCC_ExeOutput>
        <DCC_Namespace>Data.Win;winapi;$(DCC_Namespace)</DCC_Namespace>
    </PropertyGroup>
    <PropertyGroup Condition="'$(Cfg_2)'!=''">
        <DCC_LocalDebugSymbols>false</DCC_LocalDebugSymbols>
        <DCC_Define>RELEASE;$(DCC_Define)</DCC_Define>
        <DCC_SymbolReferenceInfo>0</DCC_SymbolReferenceInfo>
        <DCC_DebugInformation>false</DCC_DebugInformation>
    </PropertyGroup>
    <ItemGroup>
        <DelphiCompile Include="$(MainSource)">
            <MainSource>MainSource</MainSource>
        </DelphiCompile>
        <DCCReference Include="..\UltraGenerator\fMain.pas">
            <Form>frmMain</Form>
        </DCCReference>
        <DCCReference Include="..\UltraGenerator\fModelGenerator.pas">
            <Form>frmModelGenerator</Form>
        </DCCReference>
        <DCCReference Include="..\UltraGenerator\uGenerator.pas"/>
        <DCCReference Include="..\UltraGenerator\uMetaLoader.pas"/>
        <DCCReference Include="..\Data\Data.Base.pas"/>
        <DCCReference Include="..\Data\Data.CRUD.pas"/>
        <DCCReference Include="..\Data\Data.CRUDDataset.pas"/>
        <DCCReference Include="..\Data\Data.CustomTypes.pas"/>
        <DCCReference Include="..\Data\Data.DataRecord.pas"/>
        <DCCReference Include="..\Data\Data.DataRecordList.pas"/>
        <DCCReference Include="..\Data\Data.EnumField.pas"/>
        <DCCReference Include="..\Data\Data.Query.pas"/>
        <DCCReference Include="..\UltraGenerator\Data.CRUDSettings.pas"/>
        <DCCReference Include="..\DB\DB.ADODataConverter.pas"/>
        <DCCReference Include="..\DB\DB.Base.pas"/>
        <DCCReference Include="..\DB\DB.Connection.pas"/>
        <DCCReference Include="..\DB\DB.ConnectionPool.pas"/>
        <DCCReference Include="..\DB\DB.Connector.pas"/>
        <DCCReference Include="..\DB\DB.SQLBuilder.pas"/>
        <DCCReference Include="..\DB\DB.Connection.SQLServer.pas"/>
        <DCCReference Include="..\DB\DB.Settings.SQLServer.pas"/>
        <DCCReference Include="..\DB\DB.Provider.ADO.pas"/>
        <DCCReference Include="..\Func\GlobalRTTI.pas"/>
        <DCCReference Include="..\Func\Meta.Data.pas"/>
        <DCCReference Include="..\Func\MultiEvent.pas"/>
        <DCCReference Include="..\Func\ThreadFinalization.pas"/>
        <DCCReference Include="..\Func\Utils.Validation.pas"/>
        <DCCReference Include="CRUDS\CRUD.TEST.pas"/>
        <DCCReference Include="CRUDS\Meta.TEST.pas"/>
        <DCCReference Include="CRUDS\Meta.CustomIDTypes.pas"/>
        <DCCReference Include="..\UltraGenerator\fDBSettings.pas">
            <Form>DBSettingsFrm</Form>
        </DCCReference>
        <BuildConfiguration Include="Release">
            <Key>Cfg_2</Key>
            <CfgParent>Base</CfgParent>
        </BuildConfiguration>
        <BuildConfiguration Include="Base">
            <Key>Base</Key>
        </BuildConfiguration>
        <BuildConfiguration Include="Debug">
            <Key>Cfg_1</Key>
            <CfgParent>Base</CfgParent>
        </BuildConfiguration>
    </ItemGroup>
    <Import Project="$(BDS)\Bin\CodeGear.Delphi.Targets" Condition="Exists('$(BDS)\Bin\CodeGear.Delphi.Targets')"/>
    <ProjectExtensions>
        <Borland.Personality>Delphi.Personality.12</Borland.Personality>
        <Borland.ProjectType/>
        <BorlandProject>
            <Delphi.Personality>
                <VersionInfo>
                    <VersionInfo Name="IncludeVerInfo">True</VersionInfo>
                    <VersionInfo Name="AutoIncBuild">False</VersionInfo>
                    <VersionInfo Name="MajorVer">1</VersionInfo>
                    <VersionInfo Name="MinorVer">0</VersionInfo>
                    <VersionInfo Name="Release">0</VersionInfo>
                    <VersionInfo Name="Build">0</VersionInfo>
                    <VersionInfo Name="Debug">False</VersionInfo>
                    <VersionInfo Name="PreRelease">False</VersionInfo>
                    <VersionInfo Name="Special">False</VersionInfo>
                    <VersionInfo Name="Private">False</VersionInfo>
                    <VersionInfo Name="DLL">False</VersionInfo>
                    <VersionInfo Name="Locale">1033</VersionInfo>
                    <VersionInfo Name="CodePage">1252</VersionInfo>
                </VersionInfo>
                <VersionInfoKeys>
                    <VersionInfoKeys Name="CompanyName"/>
                    <VersionInfoKeys Name="FileDescription"/>
                    <VersionInfoKeys Name="FileVersion">1.0.0.0</VersionInfoKeys>
                    <VersionInfoKeys Name="InternalName"/>
                    <VersionInfoKeys Name="LegalCopyright"/>
                    <VersionInfoKeys Name="LegalTrademarks"/>
                    <VersionInfoKeys Name="OriginalFilename"/>
                    <VersionInfoKeys Name="ProductName"/>
                    <VersionInfoKeys Name="ProductVersion">1.0.0.0</VersionInfoKeys>
                    <VersionInfoKeys Name="Comments"/>
                    <VersionInfoKeys Name="CFBundleName"/>
                    <VersionInfoKeys Name="CFBundleDisplayName"/>
                    <VersionInfoKeys Name="CFBundleIdentifier"/>
                    <VersionInfoKeys Name="CFBundleVersion"/>
                    <VersionInfoKeys Name="CFBundlePackageType"/>
                    <VersionInfoKeys Name="CFBundleSignature"/>
                    <VersionInfoKeys Name="CFBundleAllowMixedLocalizations"/>
                    <VersionInfoKeys Name="CFBundleExecutable"/>
                </VersionInfoKeys>
                <Source>
                    <Source Name="MainSource">CustomCrudGenerator.dpr</Source>
                </Source>
                <Excluded_Packages>
                    <Excluded_Packages Name="D:\Delphi\DelphiXE3\Borland Projects\BPL\JclProjectAnalysisExpert170.bpl">JCL Project Analyzer</Excluded_Packages>
                    <Excluded_Packages Name="D:\Delphi\DelphiXE3\Borland Projects\BPL\JclFavoriteFoldersExpert170.bpl">JCL Open and Save IDE dialogs with favorite folders</Excluded_Packages>
                    <Excluded_Packages Name="D:\Delphi\DelphiXE3\Borland Projects\BPL\JclRepositoryExpert170.bpl">JCL Package containing repository wizards</Excluded_Packages>
                    <Excluded_Packages Name="D:\Delphi\DelphiXE3\Borland Projects\BPL\JvAppFrmDesign170.bpl">JVCL Application and Form Components</Excluded_Packages>
                    <Excluded_Packages Name="D:\Delphi\DelphiXE3\Borland Projects\BPL\JvBandsDesign170.bpl">JVCL Band Objects</Excluded_Packages>
                    <Excluded_Packages Name="D:\Delphi\DelphiXE3\Borland Projects\BPL\JvBDEDesign170.bpl">JVCL BDE Components</Excluded_Packages>
                    <Excluded_Packages Name="D:\Delphi\DelphiXE3\Borland Projects\BPL\JvCmpDesign170.bpl">JVCL Non-Visual Components</Excluded_Packages>
                    <Excluded_Packages Name="D:\Delphi\DelphiXE3\Borland Projects\BPL\JvControlsDesign170.bpl">JVCL Visual Controls</Excluded_Packages>
                    <Excluded_Packages Name="D:\Delphi\DelphiXE3\Borland Projects\BPL\JvCryptDesign170.bpl">JVCL Encryption and Compression</Excluded_Packages>
                    <Excluded_Packages Name="D:\Delphi\DelphiXE3\Borland Projects\BPL\JvCustomDesign170.bpl">JVCL Custom Controls</Excluded_Packages>
                    <Excluded_Packages Name="D:\Delphi\DelphiXE3\Borland Projects\BPL\JvDlgsDesign170.bpl">JVCL Dialog Components</Excluded_Packages>
                    <Excluded_Packages Name="D:\Delphi\DelphiXE3\Borland Projects\BPL\JvDockingDesign170.bpl">JVCL Docking Components</Excluded_Packages>
                    <Excluded_Packages Name="D:\Delphi\DelphiXE3\Borland Projects\BPL\JvDotNetCtrlsDesign170.bpl">JVCL DotNet Controls</Excluded_Packages>
                    <Excluded_Packages Name="D:\Delphi\DelphiXE3\Borland Projects\BPL\JvGlobusDesign170.bpl">JVCL Globus Components</Excluded_Packages>
                    <Excluded_Packages Name="D:\Delphi\DelphiXE3\Borland Projects\BPL\JvHMIDesign170.bpl">JVCL HMI Controls</Excluded_Packages>
                    <Excluded_Packages Name="D:\Delphi\DelphiXE3\Borland Projects\BPL\JvJansDesign170.bpl">JVCL Jans Components</Excluded_Packages>
                    <Excluded_Packages Name="D:\Delphi\DelphiXE3\Borland Projects\BPL\JvManagedThreadsDesign170.bpl">JVCL Managed Threads</Excluded_Packages>
                    <Excluded_Packages Name="D:\Delphi\DelphiXE3\Borland Projects\BPL\JvMMDesign170.bpl">JVCL Multimedia and Image Components</Excluded_Packages>
                    <Excluded_Packages Name="D:\Delphi\DelphiXE3\Borland Projects\BPL\JvNetDesign170.bpl">JVCL Network Components</Excluded_Packages>
                    <Excluded_Packages Name="D:\Delphi\DelphiXE3\Borland Projects\BPL\JvPageCompsDesign170.bpl">JVCL Page Style Components</Excluded_Packages>
                    <Excluded_Packages Name="D:\Delphi\DelphiXE3\Borland Projects\BPL\JvPascalInterpreterDesign170.bpl">JVCL Interpreter Components</Excluded_Packages>
                    <Excluded_Packages Name="D:\Delphi\DelphiXE3\Borland Projects\BPL\JvPluginSystemDesign170.bpl">JVCL Plugin Components</Excluded_Packages>
                    <Excluded_Packages Name="D:\Delphi\DelphiXE3\Borland Projects\BPL\JvPrintPreviewDesign170.bpl">JVCL Print Preview Components</Excluded_Packages>
                    <Excluded_Packages Name="D:\Delphi\DelphiXE3\Borland Projects\BPL\JvRuntimeDesignDesign170.bpl">JVCL Runtime Design Components</Excluded_Packages>
                    <Excluded_Packages Name="D:\Delphi\DelphiXE3\Borland Projects\BPL\JvStdCtrlsDesign170.bpl">JVCL Standard Controls</Excluded_Packages>
                    <Excluded_Packages Name="D:\Delphi\DelphiXE3\Borland Projects\BPL\JvSystemDesign170.bpl">JVCL System Components</Excluded_Packages>
                    <Excluded_Packages Name="D:\Delphi\DelphiXE3\Borland Projects\BPL\JvTimeFrameworkDesign170.bpl">JVCL Time Framework</Excluded_Packages>
                    <Excluded_Packages Name="D:\Delphi\DelphiXE3\Borland Projects\BPL\JvWizardsDesign170.bpl">JVCL Wizard</Excluded_Packages>
                    <Excluded_Packages Name="D:\Delphi\DelphiXE3\Borland Projects\BPL\JvXPCtrlsDesign170.bpl">JVCL XP Controls</Excluded_Packages>
                    <Excluded_Packages Name="D:\Delphi\DelphiXE3\Borland Projects\BPL\DBSRVPkgDXE3.bpl">TRichView: ScaleRichView DB for Delphi XE3</Excluded_Packages>
                    <Excluded_Packages Name="D:\Delphi\DelphiXE3\Borland Projects\BPL\SRVControlsDXE3.bpl">TRichView: ScaleRichView&apos;s SRVControls for Delphi XE3</Excluded_Packages>
                    <Excluded_Packages Name="D:\Delphi\DelphiXE3\Borland Projects\BPL\RvHtmlViewImportDXE3.bpl">TRichView Importer from ThtmlViewer for Delphi XE3</Excluded_Packages>
                    <Excluded_Packages Name="D:\Delphi\DelphiXE3\Borland Projects\BPL\UltrawareXE3.bpl">Ultraware XE3 componenten</Excluded_Packages>
                    <Excluded_Packages Name="D:\Delphi\DelphiXE3\Borland Projects\BPL\OverigeXE3.bpl">Ultraware XE3 Overige Componenten</Excluded_Packages>
                    <Excluded_Packages Name="D:\Delphi\DelphiXE3\Borland Projects\BPL\SynEdit_DXE3.bpl">SynEdit component suite</Excluded_Packages>
                    <Excluded_Packages Name="D:\Delphi\DelphiXE3\Borland Projects\BPL\TweePieREigenComponenten.bpl">Eigen 2piR componenten</Excluded_Packages>
                    <Excluded_Packages Name="D:\Delphi\hbTapi Components 2013\Bin\DelphiCB2013\hbTapi17Dsgn.bpl">hbTapi Components 2013 2.4.1 Enterprise Edt.</Excluded_Packages>
                    <Excluded_Packages Name="D:\Delphi\DelphiXE3\Borland Projects\BPL\JclDebugExpert170.bpl">JCL Debug IDE extension</Excluded_Packages>
                    <Excluded_Packages Name="D:\Delphi\DelphiXE3\Borland Projects\BPL\JclSIMDViewExpert170.bpl">JCL Debug Window of XMM registers</Excluded_Packages>
                    <Excluded_Packages Name="D:\Delphi\DelphiXE3\Borland Projects\BPL\JclStackTraceViewerExpert170.bpl">JCL Stack Trace Viewer</Excluded_Packages>
                    <Excluded_Packages Name="D:\Delphi\DelphiXE3\Borland Projects\Bpl\TMSDEDXE3.bpl">TMS Component Pack design time support</Excluded_Packages>
                    <Excluded_Packages Name="$(BDSBIN)\dclbindcomp170.bpl">File c:\program files (x86)\embarcadero\rad studio\10.0\bin\dclbindcomp170.bpl not found</Excluded_Packages>
                    <Excluded_Packages Name="$(BDSBIN)\dclbindcompdbx170.bpl">LiveBindings Expression Components DbExpress</Excluded_Packages>
                    <Excluded_Packages Name="$(BDSBIN)\dclbindcompvcl170.bpl">Embarcadero LiveBindings Components VCL</Excluded_Packages>
                    <Excluded_Packages Name="$(BDSBIN)\dclbindcompfmx170.bpl">Embarcadero LiveBindings Components FireMonkey</Excluded_Packages>
                    <Excluded_Packages Name="D:\Delphi2\DelphiXE3\Projecten\Schoolmaster\VCL\SCHOOLMASTER\bpl\express.bpl">File D:\Delphi2\DelphiXE3\Projecten\Schoolmaster\VCL\SCHOOLMASTER\bpl\express.bpl not found</Excluded_Packages>
                    <Excluded_Packages Name="D:\Delphi\DelphiXE3\Projecten\Schoolmaster\VCL\SCHOOLMASTER\bpl\schoolmaster.bpl">Schoolmaster diverse componenten</Excluded_Packages>
                    <Excluded_Packages Name="D:\Delphi\DelphiXE3\Projecten\Schoolmaster\VCL\SCHOOLMASTER\bpl\schoolmasterDBedit.bpl">SchoolMaster DB Edit componenten</Excluded_Packages>
                    <Excluded_Packages Name="D:\Delphi\DelphiXE3\Projecten\Schoolmaster\VCL\SCHOOLMASTER\bpl\schoolmasterDB.bpl">SchoolMaster DB Components</Excluded_Packages>
                    <Excluded_Packages Name="C:\Users\Public\Documents\RAD Studio\10.0\Bpl\dxComnXE3.bpl">ExpressCommonLibrary by Developer Express Inc.</Excluded_Packages>
                    <Excluded_Packages Name="$(BDSBIN)\dclofficexp170.bpl">Microsoft Office XP Sample Automation Server Wrapper Components</Excluded_Packages>
                </Excluded_Packages>
                <Parameters>
                    <Parameters Name="UseLauncher">False</Parameters>
                    <Parameters Name="LoadAllSymbols">True</Parameters>
                    <Parameters Name="LoadUnspecifiedSymbols">False</Parameters>
                </Parameters>
            </Delphi.Personality>
            <Deployment/>
            <Platforms>
                <Platform value="Win32">True</Platform>
                <Platform value="Win64">False</Platform>
            </Platforms>
        </BorlandProject>
        <ProjectFileVersion>12</ProjectFileVersion>
    </ProjectExtensions>
    <Import Project="$(APPDATA)\Embarcadero\$(BDSAPPDATABASEDIR)\$(PRODUCTVERSION)\UserTools.proj" Condition="Exists('$(APPDATA)\Embarcadero\$(BDSAPPDATABASEDIR)\$(PRODUCTVERSION)\UserTools.proj')"/>
</Project>
